
Microsoft Visual Studio Solution File, Format Version 12.00
# Visual Studio Version 16
VisualStudioVersion = 16.0.31205.134
MinimumVisualStudioVersion = 10.0.40219.1
Project("{FAE04EC0-301F-11D3-BF4B-00C04F79EFBC}") = "InveGlobal_MBL_SRC", "InveGlobal_MBL_SRC\InveGlobal_MBL_SRC.csproj", "{7354DCFE-A89A-4397-B321-E65487457775}"
EndProject
Global
	GlobalSection(SolutionConfigurationPlatforms) = preSolution
		Debug|Any CPU = Debug|Any CPU
		Release|Any CPU = Release|Any CPU
	EndGlobalSection
	GlobalSection(ProjectConfigurationPlatforms) = postSolution
		{7354DCFE-A89A-4397-B321-E65487457775}.Debug|Any CPU.ActiveCfg = Debug|Any CPU
		{7354DCFE-A89A-4397-B321-E65487457775}.Debug|Any CPU.Build.0 = Debug|Any CPU
		{7354DCFE-A89A-4397-B321-E65487457775}.Debug|Any CPU.Deploy.0 = Debug|Any CPU
		{7354DCFE-A89A-4397-B321-E65487457775}.Release|Any CPU.ActiveCfg = Release|Any CPU
		{7354DCFE-A89A-4397-B321-E65487457775}.Release|Any CPU.Build.0 = Release|Any CPU
		{7354DCFE-A89A-4397-B321-E65487457775}.Release|Any CPU.Deploy.0 = Release|Any CPU
	EndGlobalSection
	GlobalSection(SolutionProperties) = preSolution
		HideSolutionNode = FALSE
	EndGlobalSection
	GlobalSection(ExtensibilityGlobals) = postSolution
		SolutionGuid = {2FB17C91-2AC6-4176-859B-D6BCAE089030}
	EndGlobalSection
EndGlobal
