
Microsoft Visual Studio Solution File, Format Version 11.00
# Visual Studio 2010
Project("{FAE04EC0-301F-11D3-BF4B-00C04F79EFBC}") = "CdgUtiles", "CdgUtiles\CdgUtiles.csproj", "{384BFAF3-6F7C-4655-83DE-08AB2B8ADC81}"
EndProject
Global
	GlobalSection(SolutionConfigurationPlatforms) = preSolution
		Debug|Any CPU = Debug|Any CPU
		Release|Any CPU = Release|Any CPU
	EndGlobalSection
	GlobalSection(ProjectConfigurationPlatforms) = postSolution
		{384BFAF3-6F7C-4655-83DE-08AB2B8ADC81}.Debug|Any CPU.ActiveCfg = Debug|Any CPU
		{384BFAF3-6F7C-4655-83DE-08AB2B8ADC81}.Debug|Any CPU.Build.0 = Debug|Any CPU
		{384BFAF3-6F7C-4655-83DE-08AB2B8ADC81}.Release|Any CPU.ActiveCfg = Release|Any CPU
		{384BFAF3-6F7C-4655-83DE-08AB2B8ADC81}.Release|Any CPU.Build.0 = Release|Any CPU
	EndGlobalSection
	GlobalSection(SolutionProperties) = preSolution
		HideSolutionNode = FALSE
	EndGlobalSection
EndGlobal
